
Microsoft Visual Studio Solution File, Format Version 12.00
# Visual Studio Version 16
VisualStudioVersion = 16.0.31005.135
MinimumVisualStudioVersion = 10.0.40219.1
Project("{FAE04EC0-301F-11D3-BF4B-00C04F79EFBC}") = "API", "API\API.csproj", "{F3AC99FE-5FB2-4C48-9EC2-71785BC9E96C}"
EndProject
Global
	GlobalSection(SolutionConfigurationPlatforms) = preSolution
		Debug|Any CPU = Debug|Any CPU
		Release|Any CPU = Release|Any CPU
	EndGlobalSection
	GlobalSection(ProjectConfigurationPlatforms) = postSolution
		{F3AC99FE-5FB2-4C48-9EC2-71785BC9E96C}.Debug|Any CPU.ActiveCfg = Debug|Any CPU
		{F3AC99FE-5FB2-4C48-9EC2-71785BC9E96C}.Debug|Any CPU.Build.0 = Debug|Any CPU
		{F3AC99FE-5FB2-4C48-9EC2-71785BC9E96C}.Release|Any CPU.ActiveCfg = Release|Any CPU
		{F3AC99FE-5FB2-4C48-9EC2-71785BC9E96C}.Release|Any CPU.Build.0 = Release|Any CPU
	EndGlobalSection
	GlobalSection(SolutionProperties) = preSolution
		HideSolutionNode = FALSE
	EndGlobalSection
	GlobalSection(ExtensibilityGlobals) = postSolution
		SolutionGuid = {8D854998-BD26-4B23-93DF-9B2FABBFB8C9}
	EndGlobalSection
EndGlobal
